{
  "requires": true,
  "lockfileVersion": 1,
  "dependencies": {
    "@babel/runtime": {
      "version": "7.12.5",
      "resolved": "https://registry.npmjs.org/@babel/runtime/-/runtime-7.12.5.tgz",
      "integrity": "sha512-plcc+hbExy3McchJCEQG3knOsuh3HH+Prx1P6cLIkET/0dLuQDEnrT+s27Axgc9bqfsmNUNHfscgMUdBpC9xfg==",
      "requires": {
        "regenerator-runtime": "^0.13.4"
      }
    },
    "axios": {
      "version": "0.21.0",
      "resolved": "https://registry.npmjs.org/axios/-/axios-0.21.0.tgz",
      "integrity": "sha512-fmkJBknJKoZwem3/IKSSLpkdNXZeBu5Q7GA/aRsr2btgrptmSCxi2oFjZHqGdK9DoTil9PIHlPIZw2EcRJXRvw==",
      "requires": {
        "follow-redirects": "^1.10.0"
      }
    },
    "fn-name": {
      "version": "3.0.0",
      "resolved": "https://registry.npmjs.org/fn-name/-/fn-name-3.0.0.tgz",
      "integrity": "sha512-eNMNr5exLoavuAMhIUVsOKF79SWd/zG104ef6sxBTSw+cZc6BXdQXDvYcGvp0VbxVVSp1XDUNoz7mg1xMtSznA=="
    },
    "follow-redirects": {
      "version": "1.13.0",
      "resolved": "https://registry.npmjs.org/follow-redirects/-/follow-redirects-1.13.0.tgz",
      "integrity": "sha512-aq6gF1BEKje4a9i9+5jimNFIpq4Q1WiwBToeRK5NvZBd/TRsmW8BsJfOEGkr76TbOyPVD3OVDN910EcUNtRYEA=="
    },
    "lodash": {
      "version": "4.17.20",
      "resolved": "https://registry.npmjs.org/lodash/-/lodash-4.17.20.tgz",
      "integrity": "sha512-PlhdFcillOINfeV7Ni6oF1TAEayyZBoZ8bcshTHqOYJYlrqzRK5hagpagky5o4HfCzzd1TRkXPMFq6cKk9rGmA=="
    },
    "lodash-es": {
      "version": "4.17.15",
      "resolved": "https://registry.npmjs.org/lodash-es/-/lodash-es-4.17.15.tgz",
      "integrity": "sha512-rlrc3yU3+JNOpZ9zj5pQtxnx2THmvRykwL4Xlxoa8I9lHBlVbbyPhgyPMioxVZ4NqyxaVVtaJnzsyOidQIhyyQ=="
    },
    "property-expr": {
      "version": "2.0.4",
      "resolved": "https://registry.npmjs.org/property-expr/-/property-expr-2.0.4.tgz",
      "integrity": "sha512-sFPkHQjVKheDNnPvotjQmm3KD3uk1fWKUN7CrpdbwmUx3CrG3QiM8QpTSimvig5vTXmTvjz7+TDvXOI9+4rkcg=="
    },
    "regenerator-runtime": {
      "version": "0.13.7",
      "resolved": "https://registry.npmjs.org/regenerator-runtime/-/regenerator-runtime-0.13.7.tgz",
      "integrity": "sha512-a54FxoJDIr27pgf7IgeQGxmqUNYrcV338lf/6gH456HZ/PhX+5BcwHXG9ajESmwe6WRO0tAzRUrRmNONWgkrew=="
    },
    "synchronous-promise": {
      "version": "2.0.15",
      "resolved": "https://registry.npmjs.org/synchronous-promise/-/synchronous-promise-2.0.15.tgz",
      "integrity": "sha512-k8uzYIkIVwmT+TcglpdN50pS2y1BDcUnBPK9iJeGu0Pl1lOI8pD6wtzgw91Pjpe+RxtTncw32tLxs/R0yNL2Mg=="
    },
    "toposort": {
      "version": "2.0.2",
      "resolved": "https://registry.npmjs.org/toposort/-/toposort-2.0.2.tgz",
      "integrity": "sha1-riF2gXXRVZ1IvvNUILL0li8JwzA="
    },
    "yup": {
      "version": "0.29.3",
      "resolved": "https://registry.npmjs.org/yup/-/yup-0.29.3.tgz",
      "integrity": "sha512-RNUGiZ/sQ37CkhzKFoedkeMfJM0vNQyaz+wRZJzxdKE7VfDeVKH8bb4rr7XhRLbHJz5hSjoDNwMEIaKhuMZ8gQ==",
      "requires": {
        "@babel/runtime": "^7.10.5",
        "fn-name": "~3.0.0",
        "lodash": "^4.17.15",
        "lodash-es": "^4.17.11",
        "property-expr": "^2.0.2",
        "synchronous-promise": "^2.0.13",
        "toposort": "^2.0.2"
      }
    }
  }
}
