{
  "name": "User-Onboarding",
  "lockfileVersion": 2,
  "requires": true,
  "packages": {
    "": {
      "dependencies": {
        "yup-password": "^0.2.1"
      }
    },
    "node_modules/yup-password": {
      "version": "0.2.1",
      "resolved": "https://registry.npmjs.org/yup-password/-/yup-password-0.2.1.tgz",
      "integrity": "sha512-wms9W2PGp8WFwpdidFH8eKctUi0tRVZpRzRNmRUdi7UuIxTLh7c3O72DcJIOelgMGtEuL1jG1tISqJd9BRCFlA=="
    }
  },
  "dependencies": {
    "yup-password": {
      "version": "0.2.1",
      "resolved": "https://registry.npmjs.org/yup-password/-/yup-password-0.2.1.tgz",
      "integrity": "sha512-wms9W2PGp8WFwpdidFH8eKctUi0tRVZpRzRNmRUdi7UuIxTLh7c3O72DcJIOelgMGtEuL1jG1tISqJd9BRCFlA=="
    }
  }
}
