# THIS IS AN AUTOGENERATED FILE. DO NOT EDIT THIS FILE DIRECTLY.
# yarn lockfile v1


"@babel/runtime@^7.0.0":
  version "7.6.0"
  resolved "https://registry.yarnpkg.com/@babel/runtime/-/runtime-7.6.0.tgz#4fc1d642a9fd0299754e8b5de62c631cf5568205"
  integrity sha512-89eSBLJsxNxOERC0Op4vd+0Bqm6wRMqMbFtV3i0/fbaWw/mJ8Q3eBvgX0G4SyrOOLCtbu98HspF8o09MRT+KzQ==
  dependencies:
    regenerator-runtime "^0.13.2"

asap@~2.0.3:
  version "2.0.6"
  resolved "https://registry.yarnpkg.com/asap/-/asap-2.0.6.tgz#e50347611d7e690943208bbdafebcbc2fb866d46"
  integrity sha1-5QNHYR1+aQlDIIu9r+vLwvuGbUY=

axios@^0.19.0:
  version "0.19.0"
  resolved "https://registry.yarnpkg.com/axios/-/axios-0.19.0.tgz#8e09bff3d9122e133f7b8101c8fbdd00ed3d2ab8"
  integrity sha512-1uvKqKQta3KBxIz14F2v06AEHZ/dIoeKfbTRkK1E5oqjDnuEerLmYTgJB5AiQZHJcljpg1TuRzdjDR06qNk0DQ==
  dependencies:
    follow-redirects "1.5.10"
    is-buffer "^2.0.2"

core-js@^1.0.0:
  version "1.2.7"
  resolved "https://registry.yarnpkg.com/core-js/-/core-js-1.2.7.tgz#652294c14651db28fa93bd2d5ff2983a4f08c636"
  integrity sha1-ZSKUwUZR2yj6k70tX/KYOk8IxjY=

create-react-context@^0.2.2:
  version "0.2.3"
  resolved "https://registry.yarnpkg.com/create-react-context/-/create-react-context-0.2.3.tgz#9ec140a6914a22ef04b8b09b7771de89567cb6f3"
  integrity sha512-CQBmD0+QGgTaxDL3OX1IDXYqjkp2It4RIbcb99jS6AEg27Ga+a9G3JtK6SIu0HBwPLZlmwt9F7UwWA4Bn92Rag==
  dependencies:
    fbjs "^0.8.0"
    gud "^1.0.0"

debug@=3.1.0:
  version "3.1.0"
  resolved "https://registry.yarnpkg.com/debug/-/debug-3.1.0.tgz#5bb5a0672628b64149566ba16819e61518c67261"
  integrity sha512-OX8XqP7/1a9cqkxYw2yXss15f26NKWBpDXQd0/uK/KPqdQhxbPa994hnzjcE2VqQpDslf55723cKPUOGSmMY3g==
  dependencies:
    ms "2.0.0"

deepmerge@^2.1.1:
  version "2.2.1"
  resolved "https://registry.yarnpkg.com/deepmerge/-/deepmerge-2.2.1.tgz#5d3ff22a01c00f645405a2fbc17d0778a1801170"
  integrity sha512-R9hc1Xa/NOBi9WRVUWg19rl1UB7Tt4kuPd+thNJgFZoxXsTz7ncaPaeIm+40oSGuP33DfMb4sZt1QIGiJzC4EA==

encoding@^0.1.11:
  version "0.1.12"
  resolved "https://registry.yarnpkg.com/encoding/-/encoding-0.1.12.tgz#538b66f3ee62cd1ab51ec323829d1f9480c74beb"
  integrity sha1-U4tm8+5izRq1HsMjgp0flIDHS+s=
  dependencies:
    iconv-lite "~0.4.13"

fbjs@^0.8.0:
  version "0.8.17"
  resolved "https://registry.yarnpkg.com/fbjs/-/fbjs-0.8.17.tgz#c4d598ead6949112653d6588b01a5cdcd9f90fdd"
  integrity sha1-xNWY6taUkRJlPWWIsBpc3Nn5D90=
  dependencies:
    core-js "^1.0.0"
    isomorphic-fetch "^2.1.1"
    loose-envify "^1.0.0"
    object-assign "^4.1.0"
    promise "^7.1.1"
    setimmediate "^1.0.5"
    ua-parser-js "^0.7.18"

fn-name@~2.0.1:
  version "2.0.1"
  resolved "https://registry.yarnpkg.com/fn-name/-/fn-name-2.0.1.tgz#5214d7537a4d06a4a301c0cc262feb84188002e7"
  integrity sha1-UhTXU3pNBqSjAcDMJi/rhBiAAuc=

follow-redirects@1.5.10:
  version "1.5.10"
  resolved "https://registry.yarnpkg.com/follow-redirects/-/follow-redirects-1.5.10.tgz#7b7a9f9aea2fdff36786a94ff643ed07f4ff5e2a"
  integrity sha512-0V5l4Cizzvqt5D44aTXbFZz+FtyXV1vrDN6qrelxtfYQKW0KO0W2T/hkE8xvGa/540LkZlkaUjO4ailYTFtHVQ==
  dependencies:
    debug "=3.1.0"

formik@^1.5.8:
  version "1.5.8"
  resolved "https://registry.yarnpkg.com/formik/-/formik-1.5.8.tgz#eee8cd345effe46839bc748c7f920486f12f14b0"
  integrity sha512-fNvPe+ddbh+7xiByT25vuso2p2hseG/Yvuj211fV1DbCjljUEG9OpgRpcb7g7O3kxHX/q31cbZDzMxJXPWSNwA==
  dependencies:
    create-react-context "^0.2.2"
    deepmerge "^2.1.1"
    hoist-non-react-statics "^3.3.0"
    lodash "^4.17.14"
    lodash-es "^4.17.14"
    prop-types "^15.6.1"
    react-fast-compare "^2.0.1"
    tiny-warning "^1.0.2"
    tslib "^1.9.3"

gud@^1.0.0:
  version "1.0.0"
  resolved "https://registry.yarnpkg.com/gud/-/gud-1.0.0.tgz#a489581b17e6a70beca9abe3ae57de7a499852c0"
  integrity sha512-zGEOVKFM5sVPPrYs7J5/hYEw2Pof8KCyOwyhG8sAF26mCAeUFAcYPu1mwB7hhpIP29zOIBaDqwuHdLp0jvZXjw==

hoist-non-react-statics@^3.3.0:
  version "3.3.0"
  resolved "https://registry.yarnpkg.com/hoist-non-react-statics/-/hoist-non-react-statics-3.3.0.tgz#b09178f0122184fb95acf525daaecb4d8f45958b"
  integrity sha512-0XsbTXxgiaCDYDIWFcwkmerZPSwywfUqYmwT4jzewKTQSWoE6FCMoUVOeBJWK3E/CrWbxRG3m5GzY4lnIwGRBA==
  dependencies:
    react-is "^16.7.0"

iconv-lite@~0.4.13:
  version "0.4.24"
  resolved "https://registry.yarnpkg.com/iconv-lite/-/iconv-lite-0.4.24.tgz#2022b4b25fbddc21d2f524974a474aafe733908b"
  integrity sha512-v3MXnZAcvnywkTUEZomIActle7RXXeedOR31wwl7VlyoXO4Qi9arvSenNQWne1TcRwhCL1HwLI21bEqdpj8/rA==
  dependencies:
    safer-buffer ">= 2.1.2 < 3"

is-buffer@^2.0.2:
  version "2.0.3"
  resolved "https://registry.yarnpkg.com/is-buffer/-/is-buffer-2.0.3.tgz#4ecf3fcf749cbd1e472689e109ac66261a25e725"
  integrity sha512-U15Q7MXTuZlrbymiz95PJpZxu8IlipAp4dtS3wOdgPXx3mqBnslrWU14kxfHB+Py/+2PVKSr37dMAgM2A4uArw==

is-stream@^1.0.1:
  version "1.1.0"
  resolved "https://registry.yarnpkg.com/is-stream/-/is-stream-1.1.0.tgz#12d4a3dd4e68e0b79ceb8dbc84173ae80d91ca44"
  integrity sha1-EtSj3U5o4Lec6428hBc66A2RykQ=

isomorphic-fetch@^2.1.1:
  version "2.2.1"
  resolved "https://registry.yarnpkg.com/isomorphic-fetch/-/isomorphic-fetch-2.2.1.tgz#611ae1acf14f5e81f729507472819fe9733558a9"
  integrity sha1-YRrhrPFPXoH3KVB0coGf6XM1WKk=
  dependencies:
    node-fetch "^1.0.1"
    whatwg-fetch ">=0.10.0"

"js-tokens@^3.0.0 || ^4.0.0":
  version "4.0.0"
  resolved "https://registry.yarnpkg.com/js-tokens/-/js-tokens-4.0.0.tgz#19203fb59991df98e3a287050d4647cdeaf32499"
  integrity sha512-RdJUflcE3cUzKiMqQgsCu06FPu9UdIJO0beYbPhHN4k6apgJtifcoCtT9bcxOpYBtpD2kCM6Sbzg4CausW/PKQ==

lodash-es@^4.17.14:
  version "4.17.15"
  resolved "https://registry.yarnpkg.com/lodash-es/-/lodash-es-4.17.15.tgz#21bd96839354412f23d7a10340e5eac6ee455d78"
  integrity sha512-rlrc3yU3+JNOpZ9zj5pQtxnx2THmvRykwL4Xlxoa8I9lHBlVbbyPhgyPMioxVZ4NqyxaVVtaJnzsyOidQIhyyQ==

lodash@^4.17.11, lodash@^4.17.14:
  version "4.17.15"
  resolved "https://registry.yarnpkg.com/lodash/-/lodash-4.17.15.tgz#b447f6670a0455bbfeedd11392eff330ea097548"
  integrity sha512-8xOcRHvCjnocdS5cpwXQXVzmmh5e5+saE2QGoeQmbKmRS6J3VQppPOIt0MnmE+4xlZoumy0GPG0D0MVIQbNA1A==

loose-envify@^1.0.0, loose-envify@^1.4.0:
  version "1.4.0"
  resolved "https://registry.yarnpkg.com/loose-envify/-/loose-envify-1.4.0.tgz#71ee51fa7be4caec1a63839f7e682d8132d30caf"
  integrity sha512-lyuxPGr/Wfhrlem2CL/UcnUc1zcqKAImBDzukY7Y5F/yQiNdko6+fRLevlw1HgMySw7f611UIY408EtxRSoK3Q==
  dependencies:
    js-tokens "^3.0.0 || ^4.0.0"

ms@2.0.0:
  version "2.0.0"
  resolved "https://registry.yarnpkg.com/ms/-/ms-2.0.0.tgz#5608aeadfc00be6c2901df5f9861788de0d597c8"
  integrity sha1-VgiurfwAvmwpAd9fmGF4jeDVl8g=

node-fetch@^1.0.1:
  version "1.7.3"
  resolved "https://registry.yarnpkg.com/node-fetch/-/node-fetch-1.7.3.tgz#980f6f72d85211a5347c6b2bc18c5b84c3eb47ef"
  integrity sha512-NhZ4CsKx7cYm2vSrBAr2PvFOe6sWDf0UYLRqA6svUYg7+/TSfVAu49jYC4BvQ4Sms9SZgdqGBgroqfDhJdTyKQ==
  dependencies:
    encoding "^0.1.11"
    is-stream "^1.0.1"

object-assign@^4.1.0, object-assign@^4.1.1:
  version "4.1.1"
  resolved "https://registry.yarnpkg.com/object-assign/-/object-assign-4.1.1.tgz#2109adc7965887cfc05cbbd442cac8bfbb360863"
  integrity sha1-IQmtx5ZYh8/AXLvUQsrIv7s2CGM=

promise@^7.1.1:
  version "7.3.1"
  resolved "https://registry.yarnpkg.com/promise/-/promise-7.3.1.tgz#064b72602b18f90f29192b8b1bc418ffd1ebd3bf"
  integrity sha512-nolQXZ/4L+bP/UGlkfaIujX9BKxGwmQ9OT4mOt5yvy8iK1h3wqTEJCijzGANTCCl9nWjY41juyAn2K3Q1hLLTg==
  dependencies:
    asap "~2.0.3"

prop-types@^15.6.1:
  version "15.7.2"
  resolved "https://registry.yarnpkg.com/prop-types/-/prop-types-15.7.2.tgz#52c41e75b8c87e72b9d9360e0206b99dcbffa6c5"
  integrity sha512-8QQikdH7//R2vurIJSutZ1smHYTcLpRWEOlHnzcWHmBYrOGUysKwSsrC89BCiFj3CbrfJ/nXFdJepOVrY1GCHQ==
  dependencies:
    loose-envify "^1.4.0"
    object-assign "^4.1.1"
    react-is "^16.8.1"

property-expr@^1.5.0:
  version "1.5.1"
  resolved "https://registry.yarnpkg.com/property-expr/-/property-expr-1.5.1.tgz#22e8706894a0c8e28d58735804f6ba3a3673314f"
  integrity sha512-CGuc0VUTGthpJXL36ydB6jnbyOf/rAHFvmVrJlH+Rg0DqqLFQGAP6hIaxD/G0OAmBJPhXDHuEJigrp0e0wFV6g==

react-fast-compare@^2.0.1:
  version "2.0.4"
  resolved "https://registry.yarnpkg.com/react-fast-compare/-/react-fast-compare-2.0.4.tgz#e84b4d455b0fec113e0402c329352715196f81f9"
  integrity sha512-suNP+J1VU1MWFKcyt7RtjiSWUjvidmQSlqu+eHslq+342xCbGTYmC0mEhPCOHxlW0CywylOC1u2DFAT+bv4dBw==

react-is@^16.7.0, react-is@^16.8.1:
  version "16.9.0"
  resolved "https://registry.yarnpkg.com/react-is/-/react-is-16.9.0.tgz#21ca9561399aad0ff1a7701c01683e8ca981edcb"
  integrity sha512-tJBzzzIgnnRfEm046qRcURvwQnZVXmuCbscxUO5RWrGTXpon2d4c8mI0D8WE6ydVIm29JiLB6+RslkIvym9Rjw==

regenerator-runtime@^0.13.2:
  version "0.13.3"
  resolved "https://registry.yarnpkg.com/regenerator-runtime/-/regenerator-runtime-0.13.3.tgz#7cf6a77d8f5c6f60eb73c5fc1955b2ceb01e6bf5"
  integrity sha512-naKIZz2GQ8JWh///G7L3X6LaQUAMp2lvb1rvwwsURe/VXwD6VMfr+/1NuNw3ag8v2kY1aQ/go5SNn79O9JU7yw==

"safer-buffer@>= 2.1.2 < 3":
  version "2.1.2"
  resolved "https://registry.yarnpkg.com/safer-buffer/-/safer-buffer-2.1.2.tgz#44fa161b0187b9549dd84bb91802f9bd8385cd6a"
  integrity sha512-YZo3K82SD7Riyi0E1EQPojLz7kpepnSQI9IyPbHHg1XXXevb5dJI7tpyN2ADxGcQbHG7vcyRHk0cbwqcQriUtg==

setimmediate@^1.0.5:
  version "1.0.5"
  resolved "https://registry.yarnpkg.com/setimmediate/-/setimmediate-1.0.5.tgz#290cbb232e306942d7d7ea9b83732ab7856f8285"
  integrity sha1-KQy7Iy4waULX1+qbg3Mqt4VvgoU=

synchronous-promise@^2.0.6:
  version "2.0.10"
  resolved "https://registry.yarnpkg.com/synchronous-promise/-/synchronous-promise-2.0.10.tgz#e64c6fd3afd25f423963353043f4a68ebd397fd8"
  integrity sha512-6PC+JRGmNjiG3kJ56ZMNWDPL8hjyghF5cMXIFOKg+NiwwEZZIvxTWd0pinWKyD227odg9ygF8xVhhz7gb8Uq7A==

tiny-warning@^1.0.2:
  version "1.0.3"
  resolved "https://registry.yarnpkg.com/tiny-warning/-/tiny-warning-1.0.3.tgz#94a30db453df4c643d0fd566060d60a875d84754"
  integrity sha512-lBN9zLN/oAf68o3zNXYrdCt1kP8WsiGW8Oo2ka41b2IM5JL/S1CTyX1rW0mb/zSuJun0ZUrDxx4sqvYS2FWzPA==

toposort@^2.0.2:
  version "2.0.2"
  resolved "https://registry.yarnpkg.com/toposort/-/toposort-2.0.2.tgz#ae21768175d1559d48bef35420b2f4962f09c330"
  integrity sha1-riF2gXXRVZ1IvvNUILL0li8JwzA=

tslib@^1.9.3:
  version "1.10.0"
  resolved "https://registry.yarnpkg.com/tslib/-/tslib-1.10.0.tgz#c3c19f95973fb0a62973fb09d90d961ee43e5c8a"
  integrity sha512-qOebF53frne81cf0S9B41ByenJ3/IuH8yJKngAX35CmiZySA0khhkovshKK+jGCaMnVomla7gVlIcc3EvKPbTQ==

ua-parser-js@^0.7.18:
  version "0.7.20"
  resolved "https://registry.yarnpkg.com/ua-parser-js/-/ua-parser-js-0.7.20.tgz#7527178b82f6a62a0f243d1f94fd30e3e3c21098"
  integrity sha512-8OaIKfzL5cpx8eCMAhhvTlft8GYF8b2eQr6JkCyVdrgjcytyOmPCXrqXFcUnhonRpLlh5yxEZVohm6mzaowUOw==

whatwg-fetch@>=0.10.0:
  version "3.0.0"
  resolved "https://registry.yarnpkg.com/whatwg-fetch/-/whatwg-fetch-3.0.0.tgz#fc804e458cc460009b1a2b966bc8817d2578aefb"
  integrity sha512-9GSJUgz1D4MfyKU7KRqwOjXCXTqWdFNvEr7eUBYchQiVc744mqK/MzXPNR2WsPkmkOa4ywfg8C2n8h+13Bey1Q==

yup@^0.27.0:
  version "0.27.0"
  resolved "https://registry.yarnpkg.com/yup/-/yup-0.27.0.tgz#f8cb198c8e7dd2124beddc2457571329096b06e7"
  integrity sha512-v1yFnE4+u9za42gG/b/081E7uNW9mUj3qtkmelLbW5YPROZzSH/KUUyJu9Wt8vxFJcT9otL/eZopS0YK1L5yPQ==
  dependencies:
    "@babel/runtime" "^7.0.0"
    fn-name "~2.0.1"
    lodash "^4.17.11"
    property-expr "^1.5.0"
    synchronous-promise "^2.0.6"
    toposort "^2.0.2"
